
Microsoft Visual Studio Solution File, Format Version 12.00
# Visual Studio Version 17
VisualStudioVersion = 17.0.32126.317
MinimumVisualStudioVersion = 10.0.40219.1
Project("{FAE04EC0-301F-11D3-BF4B-00C04F79EFBC}") = "MovieWebApplication", "M\MovieWebApplication\MovieWebApplication.csproj", "{E635548D-C51F-4D93-9F71-69AD6B479960}"
EndProject
Global
	GlobalSection(SolutionConfigurationPlatforms) = preSolution
		Debug|Any CPU = Debug|Any CPU
		Release|Any CPU = Release|Any CPU
	EndGlobalSection
	GlobalSection(ProjectConfigurationPlatforms) = postSolution
		{E635548D-C51F-4D93-9F71-69AD6B479960}.Debug|Any CPU.ActiveCfg = Debug|Any CPU
		{E635548D-C51F-4D93-9F71-69AD6B479960}.Debug|Any CPU.Build.0 = Debug|Any CPU
		{E635548D-C51F-4D93-9F71-69AD6B479960}.Release|Any CPU.ActiveCfg = Release|Any CPU
		{E635548D-C51F-4D93-9F71-69AD6B479960}.Release|Any CPU.Build.0 = Release|Any CPU
	EndGlobalSection
	GlobalSection(SolutionProperties) = preSolution
		HideSolutionNode = FALSE
	EndGlobalSection
	GlobalSection(ExtensibilityGlobals) = postSolution
		SolutionGuid = {5061E501-CC5E-4A0F-9B35-B6186F27DB10}
	EndGlobalSection
EndGlobal
